{
  "requires": true,
  "lockfileVersion": 1,
  "dependencies": {
    "@minui/wxc-button": {
      "version": "1.0.1",
      "resolved": "https://registry.npmjs.org/@minui/wxc-button/-/wxc-button-1.0.1.tgz",
      "integrity": "sha512-gnxYHrD6rn60ABrpgRKUZWjVOmxy3jTWBpg6npkCZMf7S2IgXQvVZ4cIZoCg5RaAKh6Sn9xz6pIxGz7qhmG6Bg=="
    },
    "@minui/wxc-icon": {
      "version": "1.0.9",
      "resolved": "https://registry.npmjs.org/@minui/wxc-icon/-/wxc-icon-1.0.9.tgz",
      "integrity": "sha512-ebEzCdGtdECW7fbxREHuCeeIJ52FKhjQneZqwvwU13jHs1Ic3tHZ1vcEcgkaexYD2zfhBilcbHiZpe3jbxssMg=="
    },
    "@minui/wxc-input": {
      "version": "1.0.1",
      "resolved": "https://registry.npmjs.org/@minui/wxc-input/-/wxc-input-1.0.1.tgz",
      "integrity": "sha512-ku5E68e6WeD7A7Pf9Zxlcw86lxoM3WzCWCqpkn2/Y2+Aq9Z9mAzoZ8/atzreqZXt1aIFmFwCa6TJi9o+YtEX6w=="
    },
    "@minui/wxc-panel": {
      "version": "1.0.1",
      "resolved": "https://registry.npmjs.org/@minui/wxc-panel/-/wxc-panel-1.0.1.tgz",
      "integrity": "sha512-VRwjSDCIL2LxEUEuPSdpVZK4v5yTsoGOWwSwh8/nruOdyWeR00msjIZ+AiV6cfwhrI+wDCdxRytMU3yw8zomkg=="
    },
    "@minui/wxc-toast": {
      "version": "1.0.9",
      "resolved": "https://registry.npmjs.org/@minui/wxc-toast/-/wxc-toast-1.0.9.tgz",
      "integrity": "sha512-B8X1Q0Hzft1IlgPX0UN94k5Kvm+sHU/RwAU0ylqSQjawcj8UOsu69eeE7h6GwRKJlzKG+gqLCwhtDIK9lF0obA==",
      "requires": {
        "@minui/wxc-icon": "1.0.9"
      }
    }
  }
}
